// !$*UTF8*$!
{
	archiveVersion = 1;
	classes = {
	};
	objectVersion = 55;
	objects = {

/* Begin PBXBuildFile section */
		2144574627E785A200675DD2 /* Theme.swift in Sources */ = {isa = PBXBuildFile; fileRef = 2144574527E785A200675DD2 /* Theme.swift */; };
		2144574C27E788AF00675DD2 /* AppImages.swift in Sources */ = {isa = PBXBuildFile; fileRef = 2144574827E788AF00675DD2 /* AppImages.swift */; };
		2144574D27E788AF00675DD2 /* GradientView.swift in Sources */ = {isa = PBXBuildFile; fileRef = 2144574927E788AF00675DD2 /* GradientView.swift */; };
		2144574E27E788AF00675DD2 /* AppColor.swift in Sources */ = {isa = PBXBuildFile; fileRef = 2144574A27E788AF00675DD2 /* AppColor.swift */; };
		2144574F27E788AF00675DD2 /* UIColor+Hex.swift in Sources */ = {isa = PBXBuildFile; fileRef = 2144574B27E788AF00675DD2 /* UIColor+Hex.swift */; };
		2144575227E7896A00675DD2 /* Bundle+Extensions.swift in Sources */ = {isa = PBXBuildFile; fileRef = 2144575127E7896A00675DD2 /* Bundle+Extensions.swift */; };
		214779682810AA6600DE2744 /* UITableView+Extensions.swift in Sources */ = {isa = PBXBuildFile; fileRef = 214779672810AA6600DE2744 /* UITableView+Extensions.swift */; };
		2170152027EE938C00743B5B /* UIView+Extensions.swift in Sources */ = {isa = PBXBuildFile; fileRef = 2170151F27EE938C00743B5B /* UIView+Extensions.swift */; };
		21ABA23B27E5514800991445 /* Assets.xcassets in Resources */ = {isa = PBXBuildFile; fileRef = 21ABA23A27E5514800991445 /* Assets.xcassets */; };
		21DC001A27F7CAA10098CBEA /* UIScreen+Extensions.swift in Sources */ = {isa = PBXBuildFile; fileRef = 21DC001927F7CAA10098CBEA /* UIScreen+Extensions.swift */; };
		FE66F26827F79E970051007F /* UIViewController+Extensions.swift in Sources */ = {isa = PBXBuildFile; fileRef = FE66F26727F79E970051007F /* UIViewController+Extensions.swift */; };
		FE66F27D27F7AA650051007F /* UIImage+Extensions.swift in Sources */ = {isa = PBXBuildFile; fileRef = FE66F27C27F7AA650051007F /* UIImage+Extensions.swift */; };
		FEB964DE2801B721008DD002 /* UIButton+Extensions.swift in Sources */ = {isa = PBXBuildFile; fileRef = FEB964DD2801B721008DD002 /* UIButton+Extensions.swift */; };
		FEE35341280AF2ED007081AE /* PrimarySheet.swift in Sources */ = {isa = PBXBuildFile; fileRef = FEE35340280AF2ED007081AE /* PrimarySheet.swift */; };
		FEE35357280DA75B007081AE /* String+Extensions.swift in Sources */ = {isa = PBXBuildFile; fileRef = FEE35356280DA75B007081AE /* String+Extensions.swift */; };
/* End PBXBuildFile section */

/* Begin PBXFileReference section */
		2144574527E785A200675DD2 /* Theme.swift */ = {isa = PBXFileReference; lastKnownFileType = sourcecode.swift; path = Theme.swift; sourceTree = "<group>"; };
		2144574827E788AF00675DD2 /* AppImages.swift */ = {isa = PBXFileReference; fileEncoding = 4; lastKnownFileType = sourcecode.swift; path = AppImages.swift; sourceTree = "<group>"; };
		2144574927E788AF00675DD2 /* GradientView.swift */ = {isa = PBXFileReference; fileEncoding = 4; lastKnownFileType = sourcecode.swift; path = GradientView.swift; sourceTree = "<group>"; };
		2144574A27E788AF00675DD2 /* AppColor.swift */ = {isa = PBXFileReference; fileEncoding = 4; lastKnownFileType = sourcecode.swift; path = AppColor.swift; sourceTree = "<group>"; };
		2144574B27E788AF00675DD2 /* UIColor+Hex.swift */ = {isa = PBXFileReference; fileEncoding = 4; lastKnownFileType = sourcecode.swift; path = "UIColor+Hex.swift"; sourceTree = "<group>"; };
		2144575127E7896A00675DD2 /* Bundle+Extensions.swift */ = {isa = PBXFileReference; lastKnownFileType = sourcecode.swift; path = "Bundle+Extensions.swift"; sourceTree = "<group>"; };
		2144575427E78A1000675DD2 /* Developer.xcconfig */ = {isa = PBXFileReference; fileEncoding = 4; lastKnownFileType = text.xcconfig; path = Developer.xcconfig; sourceTree = "<group>"; };
		2144575527E78A1000675DD2 /* AppVersion.xcconfig */ = {isa = PBXFileReference; fileEncoding = 4; lastKnownFileType = text.xcconfig; path = AppVersion.xcconfig; sourceTree = "<group>"; };
		2144575627E78A1000675DD2 /* Application.xcconfig */ = {isa = PBXFileReference; fileEncoding = 4; lastKnownFileType = text.xcconfig; path = Application.xcconfig; sourceTree = "<group>"; };
		2144575727E78A1000675DD2 /* Release.xcconfig */ = {isa = PBXFileReference; fileEncoding = 4; lastKnownFileType = text.xcconfig; path = Release.xcconfig; sourceTree = "<group>"; };
		214779672810AA6600DE2744 /* UITableView+Extensions.swift */ = {isa = PBXFileReference; lastKnownFileType = sourcecode.swift; path = "UITableView+Extensions.swift"; sourceTree = "<group>"; };
		2170151F27EE938C00743B5B /* UIView+Extensions.swift */ = {isa = PBXFileReference; lastKnownFileType = sourcecode.swift; path = "UIView+Extensions.swift"; sourceTree = "<group>"; };
		21ABA23A27E5514800991445 /* Assets.xcassets */ = {isa = PBXFileReference; lastKnownFileType = folder.assetcatalog; path = Assets.xcassets; sourceTree = "<group>"; };
		21DC001927F7CAA10098CBEA /* UIScreen+Extensions.swift */ = {isa = PBXFileReference; lastKnownFileType = sourcecode.swift; path = "UIScreen+Extensions.swift"; sourceTree = "<group>"; };
		FE2E9F4C27E53D93002C0021 /* StyleSheet.framework */ = {isa = PBXFileReference; explicitFileType = wrapper.framework; includeInIndex = 0; path = StyleSheet.framework; sourceTree = BUILT_PRODUCTS_DIR; };
		FE66F26727F79E970051007F /* UIViewController+Extensions.swift */ = {isa = PBXFileReference; lastKnownFileType = sourcecode.swift; path = "UIViewController+Extensions.swift"; sourceTree = "<group>"; };
		FE66F27C27F7AA650051007F /* UIImage+Extensions.swift */ = {isa = PBXFileReference; lastKnownFileType = sourcecode.swift; path = "UIImage+Extensions.swift"; sourceTree = "<group>"; };
		FEB964DD2801B721008DD002 /* UIButton+Extensions.swift */ = {isa = PBXFileReference; lastKnownFileType = sourcecode.swift; path = "UIButton+Extensions.swift"; sourceTree = "<group>"; };
		FEE35340280AF2ED007081AE /* PrimarySheet.swift */ = {isa = PBXFileReference; lastKnownFileType = sourcecode.swift; path = PrimarySheet.swift; sourceTree = "<group>"; };
		FEE35356280DA75B007081AE /* String+Extensions.swift */ = {isa = PBXFileReference; lastKnownFileType = sourcecode.swift; path = "String+Extensions.swift"; sourceTree = "<group>"; };
/* End PBXFileReference section */

/* Begin PBXFrameworksBuildPhase section */
		FE2E9F4927E53D93002C0021 /* Frameworks */ = {
			isa = PBXFrameworksBuildPhase;
			buildActionMask = 2147483647;
			files = (
			);
			runOnlyForDeploymentPostprocessing = 0;
		};
/* End PBXFrameworksBuildPhase section */

/* Begin PBXGroup section */
		2144574727E7887200675DD2 /* Colors */ = {
			isa = PBXGroup;
			children = (
				2144574A27E788AF00675DD2 /* AppColor.swift */,
				2144574827E788AF00675DD2 /* AppImages.swift */,
				2144574927E788AF00675DD2 /* GradientView.swift */,
				2144574B27E788AF00675DD2 /* UIColor+Hex.swift */,
			);
			path = Colors;
			sourceTree = "<group>";
		};
		2144575327E78A1000675DD2 /* Configurations */ = {
			isa = PBXGroup;
			children = (
				2144575427E78A1000675DD2 /* Developer.xcconfig */,
				2144575527E78A1000675DD2 /* AppVersion.xcconfig */,
				2144575627E78A1000675DD2 /* Application.xcconfig */,
				2144575727E78A1000675DD2 /* Release.xcconfig */,
			);
			name = Configurations;
			path = ../Configurations;
			sourceTree = "<group>";
		};
		FE2E9F4227E53D92002C0021 = {
			isa = PBXGroup;
			children = (
				2144575327E78A1000675DD2 /* Configurations */,
				21ABA23A27E5514800991445 /* Assets.xcassets */,
				FE2E9F4E27E53D93002C0021 /* StyleSheet */,
				FE2E9F4D27E53D93002C0021 /* Products */,
			);
			sourceTree = "<group>";
		};
		FE2E9F4D27E53D93002C0021 /* Products */ = {
			isa = PBXGroup;
			children = (
				FE2E9F4C27E53D93002C0021 /* StyleSheet.framework */,
			);
			name = Products;
			sourceTree = "<group>";
		};
		FE2E9F4E27E53D93002C0021 /* StyleSheet */ = {
			isa = PBXGroup;
			children = (
				FE66F27B27F7AA570051007F /* Extensions */,
				2144574727E7887200675DD2 /* Colors */,
				2144574527E785A200675DD2 /* Theme.swift */,
				FEE35340280AF2ED007081AE /* PrimarySheet.swift */,
			);
			path = StyleSheet;
			sourceTree = "<group>";
		};
		FE66F27B27F7AA570051007F /* Extensions */ = {
			isa = PBXGroup;
			children = (
				2144575127E7896A00675DD2 /* Bundle+Extensions.swift */,
				2170151F27EE938C00743B5B /* UIView+Extensions.swift */,
				FE66F26727F79E970051007F /* UIViewController+Extensions.swift */,
				21DC001927F7CAA10098CBEA /* UIScreen+Extensions.swift */,
				FEB964DD2801B721008DD002 /* UIButton+Extensions.swift */,
				FE66F27C27F7AA650051007F /* UIImage+Extensions.swift */,
				FEE35356280DA75B007081AE /* String+Extensions.swift */,
				214779672810AA6600DE2744 /* UITableView+Extensions.swift */,
			);
			path = Extensions;
			sourceTree = "<group>";
		};
/* End PBXGroup section */

/* Begin PBXHeadersBuildPhase section */
		FE2E9F4727E53D93002C0021 /* Headers */ = {
			isa = PBXHeadersBuildPhase;
			buildActionMask = 2147483647;
			files = (
			);
			runOnlyForDeploymentPostprocessing = 0;
		};
/* End PBXHeadersBuildPhase section */

/* Begin PBXNativeTarget section */
		FE2E9F4B27E53D93002C0021 /* StyleSheet */ = {
			isa = PBXNativeTarget;
			buildConfigurationList = FE2E9F5327E53D93002C0021 /* Build configuration list for PBXNativeTarget "StyleSheet" */;
			buildPhases = (
				FE2E9F4727E53D93002C0021 /* Headers */,
				FE2E9F4827E53D93002C0021 /* Sources */,
				FE2E9F4927E53D93002C0021 /* Frameworks */,
				FE2E9F4A27E53D93002C0021 /* Resources */,
			);
			buildRules = (
			);
			dependencies = (
			);
			name = StyleSheet;
			productName = StyleSheet;
			productReference = FE2E9F4C27E53D93002C0021 /* StyleSheet.framework */;
			productType = "com.apple.product-type.framework";
		};
/* End PBXNativeTarget section */

/* Begin PBXProject section */
		FE2E9F4327E53D92002C0021 /* Project object */ = {
			isa = PBXProject;
			attributes = {
				BuildIndependentTargetsInParallel = 1;
				LastUpgradeCheck = 1320;
				TargetAttributes = {
					FE2E9F4B27E53D93002C0021 = {
						CreatedOnToolsVersion = 13.2.1;
						LastSwiftMigration = 1320;
					};
				};
			};
			buildConfigurationList = FE2E9F4627E53D92002C0021 /* Build configuration list for PBXProject "StyleSheet" */;
			compatibilityVersion = "Xcode 13.0";
			developmentRegion = en;
			hasScannedForEncodings = 0;
			knownRegions = (
				en,
				Base,
			);
			mainGroup = FE2E9F4227E53D92002C0021;
			productRefGroup = FE2E9F4D27E53D93002C0021 /* Products */;
			projectDirPath = "";
			projectRoot = "";
			targets = (
				FE2E9F4B27E53D93002C0021 /* StyleSheet */,
			);
		};
/* End PBXProject section */

/* Begin PBXResourcesBuildPhase section */
		FE2E9F4A27E53D93002C0021 /* Resources */ = {
			isa = PBXResourcesBuildPhase;
			buildActionMask = 2147483647;
			files = (
				21ABA23B27E5514800991445 /* Assets.xcassets in Resources */,
			);
			runOnlyForDeploymentPostprocessing = 0;
		};
/* End PBXResourcesBuildPhase section */

/* Begin PBXSourcesBuildPhase section */
		FE2E9F4827E53D93002C0021 /* Sources */ = {
			isa = PBXSourcesBuildPhase;
			buildActionMask = 2147483647;
			files = (
				2170152027EE938C00743B5B /* UIView+Extensions.swift in Sources */,
				214779682810AA6600DE2744 /* UITableView+Extensions.swift in Sources */,
				FEE35357280DA75B007081AE /* String+Extensions.swift in Sources */,
				2144574627E785A200675DD2 /* Theme.swift in Sources */,
				FEE35341280AF2ED007081AE /* PrimarySheet.swift in Sources */,
				2144574E27E788AF00675DD2 /* AppColor.swift in Sources */,
				2144574C27E788AF00675DD2 /* AppImages.swift in Sources */,
				FE66F26827F79E970051007F /* UIViewController+Extensions.swift in Sources */,
				2144575227E7896A00675DD2 /* Bundle+Extensions.swift in Sources */,
				FE66F27D27F7AA650051007F /* UIImage+Extensions.swift in Sources */,
				21DC001A27F7CAA10098CBEA /* UIScreen+Extensions.swift in Sources */,
				2144574D27E788AF00675DD2 /* GradientView.swift in Sources */,
				FEB964DE2801B721008DD002 /* UIButton+Extensions.swift in Sources */,
				2144574F27E788AF00675DD2 /* UIColor+Hex.swift in Sources */,
			);
			runOnlyForDeploymentPostprocessing = 0;
		};
/* End PBXSourcesBuildPhase section */

/* Begin XCBuildConfiguration section */
		FE2E9F5127E53D93002C0021 /* Debug */ = {
			isa = XCBuildConfiguration;
			buildSettings = {
				ALWAYS_SEARCH_USER_PATHS = NO;
				CLANG_ANALYZER_NONNULL = YES;
				CLANG_ANALYZER_NUMBER_OBJECT_CONVERSION = YES_AGGRESSIVE;
				CLANG_CXX_LANGUAGE_STANDARD = "gnu++17";
				CLANG_CXX_LIBRARY = "libc++";
				CLANG_ENABLE_MODULES = YES;
				CLANG_ENABLE_OBJC_ARC = YES;
				CLANG_ENABLE_OBJC_WEAK = YES;
				CLANG_WARN_BLOCK_CAPTURE_AUTORELEASING = YES;
				CLANG_WARN_BOOL_CONVERSION = YES;
				CLANG_WARN_COMMA = YES;
				CLANG_WARN_CONSTANT_CONVERSION = YES;
				CLANG_WARN_DEPRECATED_OBJC_IMPLEMENTATIONS = YES;
				CLANG_WARN_DIRECT_OBJC_ISA_USAGE = YES_ERROR;
				CLANG_WARN_DOCUMENTATION_COMMENTS = YES;
				CLANG_WARN_EMPTY_BODY = YES;
				CLANG_WARN_ENUM_CONVERSION = YES;
				CLANG_WARN_INFINITE_RECURSION = YES;
				CLANG_WARN_INT_CONVERSION = YES;
				CLANG_WARN_NON_LITERAL_NULL_CONVERSION = YES;
				CLANG_WARN_OBJC_IMPLICIT_RETAIN_SELF = YES;
				CLANG_WARN_OBJC_LITERAL_CONVERSION = YES;
				CLANG_WARN_OBJC_ROOT_CLASS = YES_ERROR;
				CLANG_WARN_QUOTED_INCLUDE_IN_FRAMEWORK_HEADER = YES;
				CLANG_WARN_RANGE_LOOP_ANALYSIS = YES;
				CLANG_WARN_STRICT_PROTOTYPES = YES;
				CLANG_WARN_SUSPICIOUS_MOVE = YES;
				CLANG_WARN_UNGUARDED_AVAILABILITY = YES_AGGRESSIVE;
				CLANG_WARN_UNREACHABLE_CODE = YES;
				CLANG_WARN__DUPLICATE_METHOD_MATCH = YES;
				COPY_PHASE_STRIP = NO;
				CURRENT_PROJECT_VERSION = 1;
				DEBUG_INFORMATION_FORMAT = dwarf;
				ENABLE_STRICT_OBJC_MSGSEND = YES;
				ENABLE_TESTABILITY = YES;
				GCC_C_LANGUAGE_STANDARD = gnu11;
				GCC_DYNAMIC_NO_PIC = NO;
				GCC_NO_COMMON_BLOCKS = YES;
				GCC_OPTIMIZATION_LEVEL = 0;
				GCC_PREPROCESSOR_DEFINITIONS = (
					"DEBUG=1",
					"$(inherited)",
				);
				GCC_WARN_64_TO_32_BIT_CONVERSION = YES;
				GCC_WARN_ABOUT_RETURN_TYPE = YES_ERROR;
				GCC_WARN_UNDECLARED_SELECTOR = YES;
				GCC_WARN_UNINITIALIZED_AUTOS = YES_AGGRESSIVE;
				GCC_WARN_UNUSED_FUNCTION = YES;
				GCC_WARN_UNUSED_VARIABLE = YES;
				IPHONEOS_DEPLOYMENT_TARGET = 15.2;
				MTL_ENABLE_DEBUG_INFO = INCLUDE_SOURCE;
				MTL_FAST_MATH = YES;
				ONLY_ACTIVE_ARCH = YES;
				SDKROOT = iphoneos;
				SWIFT_ACTIVE_COMPILATION_CONDITIONS = DEBUG;
				SWIFT_OPTIMIZATION_LEVEL = "-Onone";
				VERSIONING_SYSTEM = "apple-generic";
				VERSION_INFO_PREFIX = "";
			};
			name = Debug;
		};
		FE2E9F5227E53D93002C0021 /* Release */ = {
			isa = XCBuildConfiguration;
			buildSettings = {
				ALWAYS_SEARCH_USER_PATHS = NO;
				CLANG_ANALYZER_NONNULL = YES;
				CLANG_ANALYZER_NUMBER_OBJECT_CONVERSION = YES_AGGRESSIVE;
				CLANG_CXX_LANGUAGE_STANDARD = "gnu++17";
				CLANG_CXX_LIBRARY = "libc++";
				CLANG_ENABLE_MODULES = YES;
				CLANG_ENABLE_OBJC_ARC = YES;
				CLANG_ENABLE_OBJC_WEAK = YES;
				CLANG_WARN_BLOCK_CAPTURE_AUTORELEASING = YES;
				CLANG_WARN_BOOL_CONVERSION = YES;
				CLANG_WARN_COMMA = YES;
				CLANG_WARN_CONSTANT_CONVERSION = YES;
				CLANG_WARN_DEPRECATED_OBJC_IMPLEMENTATIONS = YES;
				CLANG_WARN_DIRECT_OBJC_ISA_USAGE = YES_ERROR;
				CLANG_WARN_DOCUMENTATION_COMMENTS = YES;
				CLANG_WARN_EMPTY_BODY = YES;
				CLANG_WARN_ENUM_CONVERSION = YES;
				CLANG_WARN_INFINITE_RECURSION = YES;
				CLANG_WARN_INT_CONVERSION = YES;
				CLANG_WARN_NON_LITERAL_NULL_CONVERSION = YES;
				CLANG_WARN_OBJC_IMPLICIT_RETAIN_SELF = YES;
				CLANG_WARN_OBJC_LITERAL_CONVERSION = YES;
				CLANG_WARN_OBJC_ROOT_CLASS = YES_ERROR;
				CLANG_WARN_QUOTED_INCLUDE_IN_FRAMEWORK_HEADER = YES;
				CLANG_WARN_RANGE_LOOP_ANALYSIS = YES;
				CLANG_WARN_STRICT_PROTOTYPES = YES;
				CLANG_WARN_SUSPICIOUS_MOVE = YES;
				CLANG_WARN_UNGUARDED_AVAILABILITY = YES_AGGRESSIVE;
				CLANG_WARN_UNREACHABLE_CODE = YES;
				CLANG_WARN__DUPLICATE_METHOD_MATCH = YES;
				COPY_PHASE_STRIP = NO;
				CURRENT_PROJECT_VERSION = 1;
				DEBUG_INFORMATION_FORMAT = "dwarf-with-dsym";
				ENABLE_NS_ASSERTIONS = NO;
				ENABLE_STRICT_OBJC_MSGSEND = YES;
				GCC_C_LANGUAGE_STANDARD = gnu11;
				GCC_NO_COMMON_BLOCKS = YES;
				GCC_WARN_64_TO_32_BIT_CONVERSION = YES;
				GCC_WARN_ABOUT_RETURN_TYPE = YES_ERROR;
				GCC_WARN_UNDECLARED_SELECTOR = YES;
				GCC_WARN_UNINITIALIZED_AUTOS = YES_AGGRESSIVE;
				GCC_WARN_UNUSED_FUNCTION = YES;
				GCC_WARN_UNUSED_VARIABLE = YES;
				IPHONEOS_DEPLOYMENT_TARGET = 15.2;
				MTL_ENABLE_DEBUG_INFO = NO;
				MTL_FAST_MATH = YES;
				SDKROOT = iphoneos;
				SWIFT_COMPILATION_MODE = wholemodule;
				SWIFT_OPTIMIZATION_LEVEL = "-O";
				VALIDATE_PRODUCT = YES;
				VERSIONING_SYSTEM = "apple-generic";
				VERSION_INFO_PREFIX = "";
			};
			name = Release;
		};
		FE2E9F5427E53D93002C0021 /* Debug */ = {
			isa = XCBuildConfiguration;
			buildSettings = {
				CLANG_ENABLE_MODULES = YES;
				CODE_SIGN_STYLE = Automatic;
				CURRENT_PROJECT_VERSION = 1;
				DEFINES_MODULE = YES;
				DYLIB_COMPATIBILITY_VERSION = 1;
				DYLIB_CURRENT_VERSION = 1;
				DYLIB_INSTALL_NAME_BASE = "@rpath";
				GENERATE_INFOPLIST_FILE = YES;
				INFOPLIST_KEY_NSHumanReadableCopyright = "";
				INSTALL_PATH = "$(LOCAL_LIBRARY_DIR)/Frameworks";
				IPHONEOS_DEPLOYMENT_TARGET = 15.0;
				LD_RUNPATH_SEARCH_PATHS = (
					"$(inherited)",
					"@executable_path/Frameworks",
					"@loader_path/Frameworks",
				);
				MARKETING_VERSION = 0.1.0;
				PRODUCT_BUNDLE_IDENTIFIER = com.istoryapp.stylesheet;
				PRODUCT_NAME = StyleSheet;
				SKIP_INSTALL = YES;
				SUPPORTS_MACCATALYST = NO;
				SWIFT_EMIT_LOC_STRINGS = YES;
				SWIFT_OPTIMIZATION_LEVEL = "-Onone";
				SWIFT_VERSION = 5.0;
				TARGETED_DEVICE_FAMILY = "1,2";
			};
			name = Debug;
		};
		FE2E9F5527E53D93002C0021 /* Release */ = {
			isa = XCBuildConfiguration;
			buildSettings = {
				CLANG_ENABLE_MODULES = YES;
				CODE_SIGN_STYLE = Automatic;
				CURRENT_PROJECT_VERSION = 1;
				DEFINES_MODULE = YES;
				DYLIB_COMPATIBILITY_VERSION = 1;
				DYLIB_CURRENT_VERSION = 1;
				DYLIB_INSTALL_NAME_BASE = "@rpath";
				GENERATE_INFOPLIST_FILE = YES;
				INFOPLIST_KEY_NSHumanReadableCopyright = "";
				INSTALL_PATH = "$(LOCAL_LIBRARY_DIR)/Frameworks";
				IPHONEOS_DEPLOYMENT_TARGET = 15.0;
				LD_RUNPATH_SEARCH_PATHS = (
					"$(inherited)",
					"@executable_path/Frameworks",
					"@loader_path/Frameworks",
				);
				MARKETING_VERSION = 0.1.0;
				PRODUCT_BUNDLE_IDENTIFIER = com.istoryapp.stylesheet;
				PRODUCT_NAME = StyleSheet;
				SKIP_INSTALL = YES;
				SUPPORTS_MACCATALYST = NO;
				SWIFT_EMIT_LOC_STRINGS = YES;
				SWIFT_VERSION = 5.0;
				TARGETED_DEVICE_FAMILY = "1,2";
			};
			name = Release;
		};
/* End XCBuildConfiguration section */

/* Begin XCConfigurationList section */
		FE2E9F4627E53D92002C0021 /* Build configuration list for PBXProject "StyleSheet" */ = {
			isa = XCConfigurationList;
			buildConfigurations = (
				FE2E9F5127E53D93002C0021 /* Debug */,
				FE2E9F5227E53D93002C0021 /* Release */,
			);
			defaultConfigurationIsVisible = 0;
			defaultConfigurationName = Release;
		};
		FE2E9F5327E53D93002C0021 /* Build configuration list for PBXNativeTarget "StyleSheet" */ = {
			isa = XCConfigurationList;
			buildConfigurations = (
				FE2E9F5427E53D93002C0021 /* Debug */,
				FE2E9F5527E53D93002C0021 /* Release */,
			);
			defaultConfigurationIsVisible = 0;
			defaultConfigurationName = Release;
		};
/* End XCConfigurationList section */
	};
	rootObject = FE2E9F4327E53D92002C0021 /* Project object */;
}
