// !$*UTF8*$!
{
	archiveVersion = 1;
	classes = {
	};
	objectVersion = 55;
	objects = {

/* Begin PBXBuildFile section */
		212D952D2811A447006BB89A /* Gotham Regular.otf in Resources */ = {isa = PBXBuildFile; fileRef = 212D952C2811A447006BB89A /* Gotham Regular.otf */; };
		212D952F2811A46D006BB89A /* Gotham Bold.otf in Resources */ = {isa = PBXBuildFile; fileRef = 212D952E2811A46D006BB89A /* Gotham Bold.otf */; };
		212D95312811A496006BB89A /* Gotham Medium.otf in Resources */ = {isa = PBXBuildFile; fileRef = 212D95302811A496006BB89A /* Gotham Medium.otf */; };
		2147796228109ACD00DE2744 /* InviteContactsViewController.swift in Sources */ = {isa = PBXBuildFile; fileRef = 2147796128109ACD00DE2744 /* InviteContactsViewController.swift */; };
		2147796428109C3B00DE2744 /* ContactsListViewController.swift in Sources */ = {isa = PBXBuildFile; fileRef = 2147796328109C3B00DE2744 /* ContactsListViewController.swift */; };
		2147796628109C5B00DE2744 /* ContactsTableViewCell.swift in Sources */ = {isa = PBXBuildFile; fileRef = 2147796528109C5B00DE2744 /* ContactsTableViewCell.swift */; };
		21588C63280A222900450ABB /* ContactsService.swift in Sources */ = {isa = PBXBuildFile; fileRef = 21588C62280A222900450ABB /* ContactsService.swift */; };
		215FAE3C2800DF7B006291A8 /* LoginWithEmailViewController.swift in Sources */ = {isa = PBXBuildFile; fileRef = 215FAE3B2800DF7B006291A8 /* LoginWithEmailViewController.swift */; };
		215FAE3E2800DF87006291A8 /* LoginWithEmailViewModel.swift in Sources */ = {isa = PBXBuildFile; fileRef = 215FAE3D2800DF87006291A8 /* LoginWithEmailViewModel.swift */; };
		215FAE402800DF97006291A8 /* EmailAccessCodeViewController.swift in Sources */ = {isa = PBXBuildFile; fileRef = 215FAE3F2800DF97006291A8 /* EmailAccessCodeViewController.swift */; };
		215FAE422800DFA0006291A8 /* LoginWithEmailRouter.swift in Sources */ = {isa = PBXBuildFile; fileRef = 215FAE412800DFA0006291A8 /* LoginWithEmailRouter.swift */; };
		215FAE452800E4B6006291A8 /* EmailValidator.swift in Sources */ = {isa = PBXBuildFile; fileRef = 215FAE442800E4B6006291A8 /* EmailValidator.swift */; };
		215FAE472800E96F006291A8 /* Validatable.swift in Sources */ = {isa = PBXBuildFile; fileRef = 215FAE462800E96F006291A8 /* Validatable.swift */; };
		218910B528045176002BB295 /* UIApplication+Extension.swift in Sources */ = {isa = PBXBuildFile; fileRef = 218910B428045176002BB295 /* UIApplication+Extension.swift */; };
		218910B72804519D002BB295 /* UIViewController+Extension.swift in Sources */ = {isa = PBXBuildFile; fileRef = 218910B62804519D002BB295 /* UIViewController+Extension.swift */; };
		219FF09E2800CD10004E9D53 /* LoginWithSMSRouter.swift in Sources */ = {isa = PBXBuildFile; fileRef = 219FF09D2800CD10004E9D53 /* LoginWithSMSRouter.swift */; };
		21C4906127FCA77A00DBBDD2 /* SMSAccessCodeViewController.swift in Sources */ = {isa = PBXBuildFile; fileRef = 21C4906027FCA77A00DBBDD2 /* SMSAccessCodeViewController.swift */; };
		21CCF0CA27F206C100096CE1 /* AmazonService.swift in Sources */ = {isa = PBXBuildFile; fileRef = 21CCF0C927F206C100096CE1 /* AmazonService.swift */; };
		21DC001227F7ACE30098CBEA /* PhoneNumberKit in Frameworks */ = {isa = PBXBuildFile; productRef = 21DC001127F7ACE30098CBEA /* PhoneNumberKit */; };
		21DC001827F7B1690098CBEA /* LoginWithSMSViewController.swift in Sources */ = {isa = PBXBuildFile; fileRef = 21DC001727F7B1690098CBEA /* LoginWithSMSViewController.swift */; };
		21EC082127EE7B9A00A39F84 /* Security.framework in Frameworks */ = {isa = PBXBuildFile; fileRef = 21EC082027EE7B9A00A39F84 /* Security.framework */; };
		21EC082327EE7BA800A39F84 /* SafariServices.framework in Frameworks */ = {isa = PBXBuildFile; fileRef = 21EC082227EE7BA800A39F84 /* SafariServices.framework */; };
		21FC8CF527F8D24D0014914D /* PhoneNumberService.swift in Sources */ = {isa = PBXBuildFile; fileRef = 21FC8CF427F8D24D0014914D /* PhoneNumberService.swift */; };
		21FC8CF727F8D4D10014914D /* LoginWithSMSViewModel.swift in Sources */ = {isa = PBXBuildFile; fileRef = 21FC8CF627F8D4D10014914D /* LoginWithSMSViewModel.swift */; };
		21FC8CF927F8D55A0014914D /* SubmitButton.swift in Sources */ = {isa = PBXBuildFile; fileRef = 21FC8CF827F8D55A0014914D /* SubmitButton.swift */; };
		FE2E9F0D27E53BD2002C0021 /* AppDelegate.swift in Sources */ = {isa = PBXBuildFile; fileRef = FE2E9F0C27E53BD2002C0021 /* AppDelegate.swift */; };
		FE2E9F0F27E53BD2002C0021 /* SceneDelegate.swift in Sources */ = {isa = PBXBuildFile; fileRef = FE2E9F0E27E53BD2002C0021 /* SceneDelegate.swift */; };
		FE2E9F1627E53BD5002C0021 /* Assets.xcassets in Resources */ = {isa = PBXBuildFile; fileRef = FE2E9F1527E53BD5002C0021 /* Assets.xcassets */; };
		FE66F25827ED09E70051007F /* GoogleSignService in Frameworks */ = {isa = PBXBuildFile; productRef = FE66F25727ED09E70051007F /* GoogleSignService */; };
		FE66F26627F79E390051007F /* AppFlowController.swift in Sources */ = {isa = PBXBuildFile; fileRef = FE66F26527F79E390051007F /* AppFlowController.swift */; };
		FE66F26B27F79F330051007F /* AuthenticationFlowController.swift in Sources */ = {isa = PBXBuildFile; fileRef = FE66F26A27F79F330051007F /* AuthenticationFlowController.swift */; };
		FE66F27727F7A17E0051007F /* AppleClient.swift in Sources */ = {isa = PBXBuildFile; fileRef = FE66F27627F7A17E0051007F /* AppleClient.swift */; };
		FE66F27A27F7A7820051007F /* SplashViewController.swift in Sources */ = {isa = PBXBuildFile; fileRef = FE66F27927F7A7820051007F /* SplashViewController.swift */; };
		FE66F27F27F7B0590051007F /* SplashAuthViewController.swift in Sources */ = {isa = PBXBuildFile; fileRef = FE66F27E27F7B0590051007F /* SplashAuthViewController.swift */; };
		FE66F28827F7B0F40051007F /* Localizable.strings in Resources */ = {isa = PBXBuildFile; fileRef = FE66F28A27F7B0F40051007F /* Localizable.strings */; };
		FE66F28D27F7BBE10051007F /* AuthenticationStyle.swift in Sources */ = {isa = PBXBuildFile; fileRef = FE66F28C27F7BBE10051007F /* AuthenticationStyle.swift */; };
		FE66F29127F7C0360051007F /* AuthenticationSocialContainerView.swift in Sources */ = {isa = PBXBuildFile; fileRef = FE66F29027F7C0360051007F /* AuthenticationSocialContainerView.swift */; };
		FE66F29327F8874E0051007F /* AuthenticationSocialViews.swift in Sources */ = {isa = PBXBuildFile; fileRef = FE66F29227F8874E0051007F /* AuthenticationSocialViews.swift */; };
		FE66F29527F8907D0051007F /* AppDependencies.swift in Sources */ = {isa = PBXBuildFile; fileRef = FE66F29427F8907D0051007F /* AppDependencies.swift */; };
		FE66F29727F893E90051007F /* AuthenticationLoginViewController.swift in Sources */ = {isa = PBXBuildFile; fileRef = FE66F29627F893E90051007F /* AuthenticationLoginViewController.swift */; };
		FE66F29B27F89A780051007F /* AuthenticationSignUpViewController.swift in Sources */ = {isa = PBXBuildFile; fileRef = FE66F29A27F89A780051007F /* AuthenticationSignUpViewController.swift */; };
		FE66F29D27F89C170051007F /* SignUpViewModel.swift in Sources */ = {isa = PBXBuildFile; fileRef = FE66F29C27F89C170051007F /* SignUpViewModel.swift */; };
		FE66F29F27F89C2F0051007F /* LoginViewModel.swift in Sources */ = {isa = PBXBuildFile; fileRef = FE66F29E27F89C2F0051007F /* LoginViewModel.swift */; };
		FE66F2A127F89FA30051007F /* AuthenticationIstoryView.swift in Sources */ = {isa = PBXBuildFile; fileRef = FE66F2A027F89FA30051007F /* AuthenticationIstoryView.swift */; };
		FE66F2A327F8A5E60051007F /* AuthenticationIstoryLoginViewController.swift in Sources */ = {isa = PBXBuildFile; fileRef = FE66F2A227F8A5E60051007F /* AuthenticationIstoryLoginViewController.swift */; };
		FE66F2A527F8A9F90051007F /* AuthenticationIstorySignUpViewController.swift in Sources */ = {isa = PBXBuildFile; fileRef = FE66F2A427F8A9F90051007F /* AuthenticationIstorySignUpViewController.swift */; };
		FE87F34A27E627150062ACB4 /* Authentication.framework in Frameworks */ = {isa = PBXBuildFile; fileRef = FE87F34927E627150062ACB4 /* Authentication.framework */; };
		FE87F34B27E627150062ACB4 /* Authentication.framework in Embed Frameworks */ = {isa = PBXBuildFile; fileRef = FE87F34927E627150062ACB4 /* Authentication.framework */; settings = {ATTRIBUTES = (CodeSignOnCopy, RemoveHeadersOnCopy, ); }; };
		FE87F34E27E6271B0062ACB4 /* StyleSheet.framework in Frameworks */ = {isa = PBXBuildFile; fileRef = FE87F34D27E6271B0062ACB4 /* StyleSheet.framework */; };
		FE87F34F27E6271B0062ACB4 /* StyleSheet.framework in Embed Frameworks */ = {isa = PBXBuildFile; fileRef = FE87F34D27E6271B0062ACB4 /* StyleSheet.framework */; settings = {ATTRIBUTES = (CodeSignOnCopy, RemoveHeadersOnCopy, ); }; };
		FE87F35127E6271F0062ACB4 /* NetworkService in Frameworks */ = {isa = PBXBuildFile; productRef = FE87F35027E6271F0062ACB4 /* NetworkService */; };
		FE87F35327E627240062ACB4 /* KeychainService in Frameworks */ = {isa = PBXBuildFile; productRef = FE87F35227E627240062ACB4 /* KeychainService */; };
		FE87F36127E62E660062ACB4 /* LoginWithAmazon.framework in Frameworks */ = {isa = PBXBuildFile; fileRef = FE87F35F27E62E630062ACB4 /* LoginWithAmazon.framework */; };
		FEB964D42800C194008DD002 /* AuthenticationInputView.swift in Sources */ = {isa = PBXBuildFile; fileRef = FEB964D32800C194008DD002 /* AuthenticationInputView.swift */; };
		FEB964D62800CB81008DD002 /* AuthenticationLoginInputViewController.swift in Sources */ = {isa = PBXBuildFile; fileRef = FEB964D52800CB81008DD002 /* AuthenticationLoginInputViewController.swift */; };
		FEB964D82800E2F5008DD002 /* AuthenticationSignUpInputViewController.swift in Sources */ = {isa = PBXBuildFile; fileRef = FEB964D72800E2F5008DD002 /* AuthenticationSignUpInputViewController.swift */; };
		FEB964DC2800F6DD008DD002 /* AuthenticationInputViewModel.swift in Sources */ = {isa = PBXBuildFile; fileRef = FEB964DB2800F6DD008DD002 /* AuthenticationInputViewModel.swift */; };
		FEB964E52801BCC3008DD002 /* AppStore.swift in Sources */ = {isa = PBXBuildFile; fileRef = FEB964E42801BCC3008DD002 /* AppStore.swift */; };
		FEB964E72801BCCC008DD002 /* AppAction.swift in Sources */ = {isa = PBXBuildFile; fileRef = FEB964E62801BCCC008DD002 /* AppAction.swift */; };
		FEB964E92801BCD4008DD002 /* AppReducer.swift in Sources */ = {isa = PBXBuildFile; fileRef = FEB964E82801BCD4008DD002 /* AppReducer.swift */; };
		FEB964EB2801BCDD008DD002 /* AppState.swift in Sources */ = {isa = PBXBuildFile; fileRef = FEB964EA2801BCDD008DD002 /* AppState.swift */; };
		FEB964ED2801BDE2008DD002 /* AuthenticationState.swift in Sources */ = {isa = PBXBuildFile; fileRef = FEB964EC2801BDE2008DD002 /* AuthenticationState.swift */; };
		FEB964EF2801C12F008DD002 /* AuthenticationAction.swift in Sources */ = {isa = PBXBuildFile; fileRef = FEB964EE2801C12F008DD002 /* AuthenticationAction.swift */; };
		FEB964F12801C22B008DD002 /* AuthenticationReducer.swift in Sources */ = {isa = PBXBuildFile; fileRef = FEB964F02801C22B008DD002 /* AuthenticationReducer.swift */; };
		FEB964F32801C252008DD002 /* AuthenticationEnvironment.swift in Sources */ = {isa = PBXBuildFile; fileRef = FEB964F22801C252008DD002 /* AuthenticationEnvironment.swift */; };
		FEB964FA2804A958008DD002 /* FailureShowable.swift in Sources */ = {isa = PBXBuildFile; fileRef = FEB964F92804A958008DD002 /* FailureShowable.swift */; };
		FEE3533F280A1343007081AE /* AuthenticationSignUpDatePickerViewController.swift in Sources */ = {isa = PBXBuildFile; fileRef = FEE3533E280A1343007081AE /* AuthenticationSignUpDatePickerViewController.swift */; };
		FEE35344280B12BF007081AE /* HTTPClient.swift in Sources */ = {isa = PBXBuildFile; fileRef = FEE35343280B12BF007081AE /* HTTPClient.swift */; };
		FEE35348280B15C3007081AE /* KeychainSwift in Frameworks */ = {isa = PBXBuildFile; productRef = FEE35347280B15C3007081AE /* KeychainSwift */; };
		FEE3534A280B161A007081AE /* HTTPResponseMapper.swift in Sources */ = {isa = PBXBuildFile; fileRef = FEE35349280B161A007081AE /* HTTPResponseMapper.swift */; };
		FEE3534C280B16BE007081AE /* KeychainServiceAPI in Frameworks */ = {isa = PBXBuildFile; productRef = FEE3534B280B16BE007081AE /* KeychainServiceAPI */; };
		FEE3534F280B16E7007081AE /* KeychainWrapper.swift in Sources */ = {isa = PBXBuildFile; fileRef = FEE3534E280B16E7007081AE /* KeychainWrapper.swift */; };
		FEE35351280B181F007081AE /* NetworkEnvironmentClient.swift in Sources */ = {isa = PBXBuildFile; fileRef = FEE35350280B181F007081AE /* NetworkEnvironmentClient.swift */; };
		FEE35354280B1961007081AE /* SignUpWorker.swift in Sources */ = {isa = PBXBuildFile; fileRef = FEE35353280B1961007081AE /* SignUpWorker.swift */; };
/* End PBXBuildFile section */

/* Begin PBXCopyFilesBuildPhase section */
		FE87F34C27E627150062ACB4 /* Embed Frameworks */ = {
			isa = PBXCopyFilesBuildPhase;
			buildActionMask = 2147483647;
			dstPath = "";
			dstSubfolderSpec = 10;
			files = (
				FE87F34F27E6271B0062ACB4 /* StyleSheet.framework in Embed Frameworks */,
				FE87F34B27E627150062ACB4 /* Authentication.framework in Embed Frameworks */,
			);
			name = "Embed Frameworks";
			runOnlyForDeploymentPostprocessing = 0;
		};
/* End PBXCopyFilesBuildPhase section */

/* Begin PBXFileReference section */
		212D952C2811A447006BB89A /* Gotham Regular.otf */ = {isa = PBXFileReference; lastKnownFileType = file; path = "Gotham Regular.otf"; sourceTree = "<group>"; };
		212D952E2811A46D006BB89A /* Gotham Bold.otf */ = {isa = PBXFileReference; lastKnownFileType = file; path = "Gotham Bold.otf"; sourceTree = "<group>"; };
		212D95302811A496006BB89A /* Gotham Medium.otf */ = {isa = PBXFileReference; lastKnownFileType = file; path = "Gotham Medium.otf"; sourceTree = "<group>"; };
		2144575D27E78B2B00675DD2 /* StyleSheet.framework */ = {isa = PBXFileReference; explicitFileType = wrapper.framework; path = StyleSheet.framework; sourceTree = BUILT_PRODUCTS_DIR; };
		2147796128109ACD00DE2744 /* InviteContactsViewController.swift */ = {isa = PBXFileReference; lastKnownFileType = sourcecode.swift; path = InviteContactsViewController.swift; sourceTree = "<group>"; };
		2147796328109C3B00DE2744 /* ContactsListViewController.swift */ = {isa = PBXFileReference; lastKnownFileType = sourcecode.swift; path = ContactsListViewController.swift; sourceTree = "<group>"; };
		2147796528109C5B00DE2744 /* ContactsTableViewCell.swift */ = {isa = PBXFileReference; lastKnownFileType = sourcecode.swift; path = ContactsTableViewCell.swift; sourceTree = "<group>"; };
		21588C62280A222900450ABB /* ContactsService.swift */ = {isa = PBXFileReference; lastKnownFileType = sourcecode.swift; path = ContactsService.swift; sourceTree = "<group>"; };
		215FAE3B2800DF7B006291A8 /* LoginWithEmailViewController.swift */ = {isa = PBXFileReference; lastKnownFileType = sourcecode.swift; path = LoginWithEmailViewController.swift; sourceTree = "<group>"; };
		215FAE3D2800DF87006291A8 /* LoginWithEmailViewModel.swift */ = {isa = PBXFileReference; lastKnownFileType = sourcecode.swift; path = LoginWithEmailViewModel.swift; sourceTree = "<group>"; };
		215FAE3F2800DF97006291A8 /* EmailAccessCodeViewController.swift */ = {isa = PBXFileReference; lastKnownFileType = sourcecode.swift; path = EmailAccessCodeViewController.swift; sourceTree = "<group>"; };
		215FAE412800DFA0006291A8 /* LoginWithEmailRouter.swift */ = {isa = PBXFileReference; lastKnownFileType = sourcecode.swift; path = LoginWithEmailRouter.swift; sourceTree = "<group>"; };
		215FAE442800E4B6006291A8 /* EmailValidator.swift */ = {isa = PBXFileReference; lastKnownFileType = sourcecode.swift; path = EmailValidator.swift; sourceTree = "<group>"; };
		215FAE462800E96F006291A8 /* Validatable.swift */ = {isa = PBXFileReference; lastKnownFileType = sourcecode.swift; path = Validatable.swift; sourceTree = "<group>"; };
		218910B428045176002BB295 /* UIApplication+Extension.swift */ = {isa = PBXFileReference; lastKnownFileType = sourcecode.swift; path = "UIApplication+Extension.swift"; sourceTree = "<group>"; };
		218910B62804519D002BB295 /* UIViewController+Extension.swift */ = {isa = PBXFileReference; lastKnownFileType = sourcecode.swift; path = "UIViewController+Extension.swift"; sourceTree = "<group>"; };
		219FF09D2800CD10004E9D53 /* LoginWithSMSRouter.swift */ = {isa = PBXFileReference; lastKnownFileType = sourcecode.swift; path = LoginWithSMSRouter.swift; sourceTree = "<group>"; };
		21C4906027FCA77A00DBBDD2 /* SMSAccessCodeViewController.swift */ = {isa = PBXFileReference; lastKnownFileType = sourcecode.swift; path = SMSAccessCodeViewController.swift; sourceTree = "<group>"; };
		21CCF0C927F206C100096CE1 /* AmazonService.swift */ = {isa = PBXFileReference; lastKnownFileType = sourcecode.swift; path = AmazonService.swift; sourceTree = "<group>"; };
		21DC001727F7B1690098CBEA /* LoginWithSMSViewController.swift */ = {isa = PBXFileReference; lastKnownFileType = sourcecode.swift; path = LoginWithSMSViewController.swift; sourceTree = "<group>"; };
		21EC082027EE7B9A00A39F84 /* Security.framework */ = {isa = PBXFileReference; lastKnownFileType = wrapper.framework; name = Security.framework; path = System/Library/Frameworks/Security.framework; sourceTree = SDKROOT; };
		21EC082227EE7BA800A39F84 /* SafariServices.framework */ = {isa = PBXFileReference; lastKnownFileType = wrapper.framework; name = SafariServices.framework; path = System/Library/Frameworks/SafariServices.framework; sourceTree = SDKROOT; };
		21FC8CF427F8D24D0014914D /* PhoneNumberService.swift */ = {isa = PBXFileReference; lastKnownFileType = sourcecode.swift; path = PhoneNumberService.swift; sourceTree = "<group>"; };
		21FC8CF627F8D4D10014914D /* LoginWithSMSViewModel.swift */ = {isa = PBXFileReference; lastKnownFileType = sourcecode.swift; path = LoginWithSMSViewModel.swift; sourceTree = "<group>"; };
		21FC8CF827F8D55A0014914D /* SubmitButton.swift */ = {isa = PBXFileReference; lastKnownFileType = sourcecode.swift; path = SubmitButton.swift; sourceTree = "<group>"; };
		FE2E9F0927E53BD2002C0021 /* iStory.app */ = {isa = PBXFileReference; explicitFileType = wrapper.application; includeInIndex = 0; path = iStory.app; sourceTree = BUILT_PRODUCTS_DIR; };
		FE2E9F0C27E53BD2002C0021 /* AppDelegate.swift */ = {isa = PBXFileReference; lastKnownFileType = sourcecode.swift; path = AppDelegate.swift; sourceTree = "<group>"; };
		FE2E9F0E27E53BD2002C0021 /* SceneDelegate.swift */ = {isa = PBXFileReference; lastKnownFileType = sourcecode.swift; path = SceneDelegate.swift; sourceTree = "<group>"; };
		FE2E9F1527E53BD5002C0021 /* Assets.xcassets */ = {isa = PBXFileReference; lastKnownFileType = folder.assetcatalog; path = Assets.xcassets; sourceTree = "<group>"; };
		FE66F25927EE8AA30051007F /* iStory.entitlements */ = {isa = PBXFileReference; lastKnownFileType = text.plist.entitlements; path = iStory.entitlements; sourceTree = "<group>"; };
		FE66F25D27EE8F360051007F /* AppleClient.swift */ = {isa = PBXFileReference; lastKnownFileType = sourcecode.swift; path = AppleClient.swift; sourceTree = "<group>"; };
		FE66F26027EF3CB30051007F /* AppleSignInViewController.swift */ = {isa = PBXFileReference; lastKnownFileType = sourcecode.swift; path = AppleSignInViewController.swift; sourceTree = "<group>"; };
		FE66F26527F79E390051007F /* AppFlowController.swift */ = {isa = PBXFileReference; lastKnownFileType = sourcecode.swift; path = AppFlowController.swift; sourceTree = "<group>"; };
		FE66F26A27F79F330051007F /* AuthenticationFlowController.swift */ = {isa = PBXFileReference; lastKnownFileType = sourcecode.swift; path = AuthenticationFlowController.swift; sourceTree = "<group>"; };
		FE66F27627F7A17E0051007F /* AppleClient.swift */ = {isa = PBXFileReference; fileEncoding = 4; lastKnownFileType = sourcecode.swift; path = AppleClient.swift; sourceTree = "<group>"; };
		FE66F27927F7A7820051007F /* SplashViewController.swift */ = {isa = PBXFileReference; lastKnownFileType = sourcecode.swift; path = SplashViewController.swift; sourceTree = "<group>"; };
		FE66F27E27F7B0590051007F /* SplashAuthViewController.swift */ = {isa = PBXFileReference; lastKnownFileType = sourcecode.swift; path = SplashAuthViewController.swift; sourceTree = "<group>"; };
		FE66F28927F7B0F40051007F /* en */ = {isa = PBXFileReference; lastKnownFileType = text.plist.strings; name = en; path = en.lproj/Localizable.strings; sourceTree = "<group>"; };
		FE66F28C27F7BBE10051007F /* AuthenticationStyle.swift */ = {isa = PBXFileReference; lastKnownFileType = sourcecode.swift; path = AuthenticationStyle.swift; sourceTree = "<group>"; };
		FE66F29027F7C0360051007F /* AuthenticationSocialContainerView.swift */ = {isa = PBXFileReference; lastKnownFileType = sourcecode.swift; path = AuthenticationSocialContainerView.swift; sourceTree = "<group>"; };
		FE66F29227F8874E0051007F /* AuthenticationSocialViews.swift */ = {isa = PBXFileReference; lastKnownFileType = sourcecode.swift; path = AuthenticationSocialViews.swift; sourceTree = "<group>"; };
		FE66F29427F8907D0051007F /* AppDependencies.swift */ = {isa = PBXFileReference; lastKnownFileType = sourcecode.swift; path = AppDependencies.swift; sourceTree = "<group>"; };
		FE66F29627F893E90051007F /* AuthenticationLoginViewController.swift */ = {isa = PBXFileReference; lastKnownFileType = sourcecode.swift; path = AuthenticationLoginViewController.swift; sourceTree = "<group>"; };
		FE66F29A27F89A780051007F /* AuthenticationSignUpViewController.swift */ = {isa = PBXFileReference; lastKnownFileType = sourcecode.swift; path = AuthenticationSignUpViewController.swift; sourceTree = "<group>"; };
		FE66F29C27F89C170051007F /* SignUpViewModel.swift */ = {isa = PBXFileReference; lastKnownFileType = sourcecode.swift; path = SignUpViewModel.swift; sourceTree = "<group>"; };
		FE66F29E27F89C2F0051007F /* LoginViewModel.swift */ = {isa = PBXFileReference; lastKnownFileType = sourcecode.swift; path = LoginViewModel.swift; sourceTree = "<group>"; };
		FE66F2A027F89FA30051007F /* AuthenticationIstoryView.swift */ = {isa = PBXFileReference; lastKnownFileType = sourcecode.swift; path = AuthenticationIstoryView.swift; sourceTree = "<group>"; };
		FE66F2A227F8A5E60051007F /* AuthenticationIstoryLoginViewController.swift */ = {isa = PBXFileReference; lastKnownFileType = sourcecode.swift; path = AuthenticationIstoryLoginViewController.swift; sourceTree = "<group>"; };
		FE66F2A427F8A9F90051007F /* AuthenticationIstorySignUpViewController.swift */ = {isa = PBXFileReference; lastKnownFileType = sourcecode.swift; path = AuthenticationIstorySignUpViewController.swift; sourceTree = "<group>"; };
		FE87F34927E627150062ACB4 /* Authentication.framework */ = {isa = PBXFileReference; explicitFileType = wrapper.framework; path = Authentication.framework; sourceTree = BUILT_PRODUCTS_DIR; };
		FE87F34D27E6271B0062ACB4 /* StyleSheet.framework */ = {isa = PBXFileReference; explicitFileType = wrapper.framework; path = StyleSheet.framework; sourceTree = BUILT_PRODUCTS_DIR; };
		FE87F35F27E62E630062ACB4 /* LoginWithAmazon.framework */ = {isa = PBXFileReference; lastKnownFileType = wrapper.framework; path = LoginWithAmazon.framework; sourceTree = "<group>"; };
		FEB964D32800C194008DD002 /* AuthenticationInputView.swift */ = {isa = PBXFileReference; lastKnownFileType = sourcecode.swift; path = AuthenticationInputView.swift; sourceTree = "<group>"; };
		FEB964D52800CB81008DD002 /* AuthenticationLoginInputViewController.swift */ = {isa = PBXFileReference; lastKnownFileType = sourcecode.swift; path = AuthenticationLoginInputViewController.swift; sourceTree = "<group>"; };
		FEB964D72800E2F5008DD002 /* AuthenticationSignUpInputViewController.swift */ = {isa = PBXFileReference; lastKnownFileType = sourcecode.swift; path = AuthenticationSignUpInputViewController.swift; sourceTree = "<group>"; };
		FEB964DB2800F6DD008DD002 /* AuthenticationInputViewModel.swift */ = {isa = PBXFileReference; lastKnownFileType = sourcecode.swift; path = AuthenticationInputViewModel.swift; sourceTree = "<group>"; };
		FEB964E42801BCC3008DD002 /* AppStore.swift */ = {isa = PBXFileReference; lastKnownFileType = sourcecode.swift; path = AppStore.swift; sourceTree = "<group>"; };
		FEB964E62801BCCC008DD002 /* AppAction.swift */ = {isa = PBXFileReference; lastKnownFileType = sourcecode.swift; path = AppAction.swift; sourceTree = "<group>"; };
		FEB964E82801BCD4008DD002 /* AppReducer.swift */ = {isa = PBXFileReference; lastKnownFileType = sourcecode.swift; path = AppReducer.swift; sourceTree = "<group>"; };
		FEB964EA2801BCDD008DD002 /* AppState.swift */ = {isa = PBXFileReference; lastKnownFileType = sourcecode.swift; path = AppState.swift; sourceTree = "<group>"; };
		FEB964EC2801BDE2008DD002 /* AuthenticationState.swift */ = {isa = PBXFileReference; lastKnownFileType = sourcecode.swift; path = AuthenticationState.swift; sourceTree = "<group>"; };
		FEB964EE2801C12F008DD002 /* AuthenticationAction.swift */ = {isa = PBXFileReference; lastKnownFileType = sourcecode.swift; path = AuthenticationAction.swift; sourceTree = "<group>"; };
		FEB964F02801C22B008DD002 /* AuthenticationReducer.swift */ = {isa = PBXFileReference; lastKnownFileType = sourcecode.swift; path = AuthenticationReducer.swift; sourceTree = "<group>"; };
		FEB964F22801C252008DD002 /* AuthenticationEnvironment.swift */ = {isa = PBXFileReference; lastKnownFileType = sourcecode.swift; path = AuthenticationEnvironment.swift; sourceTree = "<group>"; };
		FEB964F92804A958008DD002 /* FailureShowable.swift */ = {isa = PBXFileReference; lastKnownFileType = sourcecode.swift; path = FailureShowable.swift; sourceTree = "<group>"; };
		FEE3533E280A1343007081AE /* AuthenticationSignUpDatePickerViewController.swift */ = {isa = PBXFileReference; lastKnownFileType = sourcecode.swift; path = AuthenticationSignUpDatePickerViewController.swift; sourceTree = "<group>"; };
		FEE35343280B12BF007081AE /* HTTPClient.swift */ = {isa = PBXFileReference; lastKnownFileType = sourcecode.swift; path = HTTPClient.swift; sourceTree = "<group>"; };
		FEE35349280B161A007081AE /* HTTPResponseMapper.swift */ = {isa = PBXFileReference; lastKnownFileType = sourcecode.swift; path = HTTPResponseMapper.swift; sourceTree = "<group>"; };
		FEE3534E280B16E7007081AE /* KeychainWrapper.swift */ = {isa = PBXFileReference; lastKnownFileType = sourcecode.swift; path = KeychainWrapper.swift; sourceTree = "<group>"; };
		FEE35350280B181F007081AE /* NetworkEnvironmentClient.swift */ = {isa = PBXFileReference; lastKnownFileType = sourcecode.swift; path = NetworkEnvironmentClient.swift; sourceTree = "<group>"; };
		FEE35353280B1961007081AE /* SignUpWorker.swift */ = {isa = PBXFileReference; lastKnownFileType = sourcecode.swift; path = SignUpWorker.swift; sourceTree = "<group>"; };
/* End PBXFileReference section */

/* Begin PBXFrameworksBuildPhase section */
		FE2E9F0627E53BD2002C0021 /* Frameworks */ = {
			isa = PBXFrameworksBuildPhase;
			buildActionMask = 2147483647;
			files = (
				21EC082327EE7BA800A39F84 /* SafariServices.framework in Frameworks */,
				21EC082127EE7B9A00A39F84 /* Security.framework in Frameworks */,
				FEE35348280B15C3007081AE /* KeychainSwift in Frameworks */,
				FE66F25827ED09E70051007F /* GoogleSignService in Frameworks */,
				FE87F35327E627240062ACB4 /* KeychainService in Frameworks */,
				FE87F34E27E6271B0062ACB4 /* StyleSheet.framework in Frameworks */,
				FE87F34A27E627150062ACB4 /* Authentication.framework in Frameworks */,
				21DC001227F7ACE30098CBEA /* PhoneNumberKit in Frameworks */,
				FE87F35127E6271F0062ACB4 /* NetworkService in Frameworks */,
				FE87F36127E62E660062ACB4 /* LoginWithAmazon.framework in Frameworks */,
				FEE3534C280B16BE007081AE /* KeychainServiceAPI in Frameworks */,
			);
			runOnlyForDeploymentPostprocessing = 0;
		};
/* End PBXFrameworksBuildPhase section */

/* Begin PBXGroup section */
		2144575C27E78B2B00675DD2 /* Frameworks */ = {
			isa = PBXGroup;
			children = (
				21EC082227EE7BA800A39F84 /* SafariServices.framework */,
				21EC082027EE7B9A00A39F84 /* Security.framework */,
				2144575D27E78B2B00675DD2 /* StyleSheet.framework */,
			);
			name = Frameworks;
			sourceTree = "<group>";
		};
		21588C61280A21FB00450ABB /* InviteContacts */ = {
			isa = PBXGroup;
			children = (
				2147796128109ACD00DE2744 /* InviteContactsViewController.swift */,
				2147796328109C3B00DE2744 /* ContactsListViewController.swift */,
				2147796528109C5B00DE2744 /* ContactsTableViewCell.swift */,
			);
			path = InviteContacts;
			sourceTree = "<group>";
		};
		215FAE3A2800DF67006291A8 /* LoginWithEmail */ = {
			isa = PBXGroup;
			children = (
				215FAE3B2800DF7B006291A8 /* LoginWithEmailViewController.swift */,
				215FAE3D2800DF87006291A8 /* LoginWithEmailViewModel.swift */,
				215FAE3F2800DF97006291A8 /* EmailAccessCodeViewController.swift */,
				215FAE412800DFA0006291A8 /* LoginWithEmailRouter.swift */,
			);
			path = LoginWithEmail;
			sourceTree = "<group>";
		};
		215FAE432800E4AD006291A8 /* Validators */ = {
			isa = PBXGroup;
			children = (
				215FAE462800E96F006291A8 /* Validatable.swift */,
				215FAE442800E4B6006291A8 /* EmailValidator.swift */,
			);
			path = Validators;
			sourceTree = "<group>";
		};
		216B5D7E27EBA14500CCF43C /* Resources */ = {
			isa = PBXGroup;
			children = (
				212D952E2811A46D006BB89A /* Gotham Bold.otf */,
				212D95302811A496006BB89A /* Gotham Medium.otf */,
				212D952C2811A447006BB89A /* Gotham Regular.otf */,
			);
			name = Resources;
			path = iStory/Resources;
			sourceTree = "<group>";
		};
		2170151B27EE930B00743B5B /* Scenes */ = {
			isa = PBXGroup;
			children = (
				21588C61280A21FB00450ABB /* InviteContacts */,
				215FAE3A2800DF67006291A8 /* LoginWithEmail */,
				21DC001627F7B14E0098CBEA /* LoginWithSMS */,
				2170151C27EE931100743B5B /* Authentication */,
				FE66F27827F7A7740051007F /* Splash */,
			);
			path = Scenes;
			sourceTree = "<group>";
		};
		2170151C27EE931100743B5B /* Authentication */ = {
			isa = PBXGroup;
			children = (
				FE66F27527F7A1680051007F /* AppleSignIn */,
				FE66F29827F89A4E0051007F /* LogIn */,
				FE66F26927F79F230051007F /* Navigation */,
				FE66F29927F89A540051007F /* SignUp */,
				FE66F28B27F7BBD10051007F /* Styles */,
				FEB964DA2800F6CE008DD002 /* ViewModels */,
				FE66F28F27F7C0140051007F /* Views */,
				FEB964EC2801BDE2008DD002 /* AuthenticationState.swift */,
				FEB964EE2801C12F008DD002 /* AuthenticationAction.swift */,
				FEB964F02801C22B008DD002 /* AuthenticationReducer.swift */,
				FEB964F22801C252008DD002 /* AuthenticationEnvironment.swift */,
			);
			path = Authentication;
			sourceTree = "<group>";
		};
		218910B32804516A002BB295 /* Extensions */ = {
			isa = PBXGroup;
			children = (
				218910B428045176002BB295 /* UIApplication+Extension.swift */,
				218910B62804519D002BB295 /* UIViewController+Extension.swift */,
			);
			path = Extensions;
			sourceTree = "<group>";
		};
		21CCF0C827F206AF00096CE1 /* Services */ = {
			isa = PBXGroup;
			children = (
				21FC8CF427F8D24D0014914D /* PhoneNumberService.swift */,
				21CCF0C927F206C100096CE1 /* AmazonService.swift */,
				21588C62280A222900450ABB /* ContactsService.swift */,
			);
			path = Services;
			sourceTree = "<group>";
		};
		21DC001627F7B14E0098CBEA /* LoginWithSMS */ = {
			isa = PBXGroup;
			children = (
				21DC001727F7B1690098CBEA /* LoginWithSMSViewController.swift */,
				21FC8CF627F8D4D10014914D /* LoginWithSMSViewModel.swift */,
				21C4906027FCA77A00DBBDD2 /* SMSAccessCodeViewController.swift */,
				219FF09D2800CD10004E9D53 /* LoginWithSMSRouter.swift */,
			);
			path = LoginWithSMS;
			sourceTree = "<group>";
		};
		21FC8CF327F8D1BF0014914D /* Views */ = {
			isa = PBXGroup;
			children = (
				21FC8CF827F8D55A0014914D /* SubmitButton.swift */,
			);
			path = Views;
			sourceTree = "<group>";
		};
		FE2E9F0027E53BD2002C0021 = {
			isa = PBXGroup;
			children = (
				216B5D7E27EBA14500CCF43C /* Resources */,
				FE2E9F0B27E53BD2002C0021 /* iStory */,
				FE87F35E27E62E080062ACB4 /* Amazon */,
				FE2E9F0A27E53BD2002C0021 /* Products */,
				2144575C27E78B2B00675DD2 /* Frameworks */,
				FE87F34827E627150062ACB4 /* Frameworks */,
				FE66F26327F799790051007F /* Recovered References */,
			);
			sourceTree = "<group>";
		};
		FE2E9F0A27E53BD2002C0021 /* Products */ = {
			isa = PBXGroup;
			children = (
				FE2E9F0927E53BD2002C0021 /* iStory.app */,
			);
			name = Products;
			sourceTree = "<group>";
		};
		FE2E9F0B27E53BD2002C0021 /* iStory */ = {
			isa = PBXGroup;
			children = (
				218910B32804516A002BB295 /* Extensions */,
				215FAE432800E4AD006291A8 /* Validators */,
				FEB964DF2801BC97008DD002 /* Infrastructure */,
				21FC8CF327F8D1BF0014914D /* Views */,
				FE66F28127F7B0D70051007F /* Resources */,
				FE66F26427F79E150051007F /* CompositionRoot */,
				21CCF0C827F206AF00096CE1 /* Services */,
				2170151B27EE930B00743B5B /* Scenes */,
				FE66F25927EE8AA30051007F /* iStory.entitlements */,
			);
			path = iStory;
			sourceTree = "<group>";
		};
		FE66F26327F799790051007F /* Recovered References */ = {
			isa = PBXGroup;
			children = (
				FE66F25D27EE8F360051007F /* AppleClient.swift */,
				FE66F26027EF3CB30051007F /* AppleSignInViewController.swift */,
			);
			name = "Recovered References";
			sourceTree = "<group>";
		};
		FE66F26427F79E150051007F /* CompositionRoot */ = {
			isa = PBXGroup;
			children = (
				FE2E9F0C27E53BD2002C0021 /* AppDelegate.swift */,
				FE2E9F0E27E53BD2002C0021 /* SceneDelegate.swift */,
				FE66F26527F79E390051007F /* AppFlowController.swift */,
				FE66F29427F8907D0051007F /* AppDependencies.swift */,
			);
			path = CompositionRoot;
			sourceTree = "<group>";
		};
		FE66F26927F79F230051007F /* Navigation */ = {
			isa = PBXGroup;
			children = (
				FE66F26A27F79F330051007F /* AuthenticationFlowController.swift */,
			);
			path = Navigation;
			sourceTree = "<group>";
		};
		FE66F27527F7A1680051007F /* AppleSignIn */ = {
			isa = PBXGroup;
			children = (
				FE66F27627F7A17E0051007F /* AppleClient.swift */,
			);
			path = AppleSignIn;
			sourceTree = "<group>";
		};
		FE66F27827F7A7740051007F /* Splash */ = {
			isa = PBXGroup;
			children = (
				FE66F27927F7A7820051007F /* SplashViewController.swift */,
				FE66F27E27F7B0590051007F /* SplashAuthViewController.swift */,
			);
			path = Splash;
			sourceTree = "<group>";
		};
		FE66F28127F7B0D70051007F /* Resources */ = {
			isa = PBXGroup;
			children = (
				FE2E9F1527E53BD5002C0021 /* Assets.xcassets */,
				FE66F28A27F7B0F40051007F /* Localizable.strings */,
			);
			path = Resources;
			sourceTree = "<group>";
		};
		FE66F28B27F7BBD10051007F /* Styles */ = {
			isa = PBXGroup;
			children = (
				FE66F28C27F7BBE10051007F /* AuthenticationStyle.swift */,
				FEB964F92804A958008DD002 /* FailureShowable.swift */,
			);
			path = Styles;
			sourceTree = "<group>";
		};
		FE66F28F27F7C0140051007F /* Views */ = {
			isa = PBXGroup;
			children = (
				FE66F29027F7C0360051007F /* AuthenticationSocialContainerView.swift */,
				FE66F29227F8874E0051007F /* AuthenticationSocialViews.swift */,
				FE66F2A027F89FA30051007F /* AuthenticationIstoryView.swift */,
				FEB964D32800C194008DD002 /* AuthenticationInputView.swift */,
			);
			path = Views;
			sourceTree = "<group>";
		};
		FE66F29827F89A4E0051007F /* LogIn */ = {
			isa = PBXGroup;
			children = (
				FE66F29627F893E90051007F /* AuthenticationLoginViewController.swift */,
				FE66F2A227F8A5E60051007F /* AuthenticationIstoryLoginViewController.swift */,
				FE66F29E27F89C2F0051007F /* LoginViewModel.swift */,
				FEB964D52800CB81008DD002 /* AuthenticationLoginInputViewController.swift */,
			);
			path = LogIn;
			sourceTree = "<group>";
		};
		FE66F29927F89A540051007F /* SignUp */ = {
			isa = PBXGroup;
			children = (
				FEB964D92800F6BF008DD002 /* ViewModels */,
				FE66F29A27F89A780051007F /* AuthenticationSignUpViewController.swift */,
				FE66F2A427F8A9F90051007F /* AuthenticationIstorySignUpViewController.swift */,
				FEB964D72800E2F5008DD002 /* AuthenticationSignUpInputViewController.swift */,
				FEE3533E280A1343007081AE /* AuthenticationSignUpDatePickerViewController.swift */,
			);
			path = SignUp;
			sourceTree = "<group>";
		};
		FE87F34827E627150062ACB4 /* Frameworks */ = {
			isa = PBXGroup;
			children = (
				FE87F34D27E6271B0062ACB4 /* StyleSheet.framework */,
				FE87F34927E627150062ACB4 /* Authentication.framework */,
			);
			name = Frameworks;
			sourceTree = "<group>";
		};
		FE87F35E27E62E080062ACB4 /* Amazon */ = {
			isa = PBXGroup;
			children = (
				FE87F35F27E62E630062ACB4 /* LoginWithAmazon.framework */,
			);
			path = Amazon;
			sourceTree = "<group>";
		};
		FEB964D92800F6BF008DD002 /* ViewModels */ = {
			isa = PBXGroup;
			children = (
				FE66F29C27F89C170051007F /* SignUpViewModel.swift */,
			);
			path = ViewModels;
			sourceTree = "<group>";
		};
		FEB964DA2800F6CE008DD002 /* ViewModels */ = {
			isa = PBXGroup;
			children = (
				FEB964DB2800F6DD008DD002 /* AuthenticationInputViewModel.swift */,
			);
			path = ViewModels;
			sourceTree = "<group>";
		};
		FEB964DF2801BC97008DD002 /* Infrastructure */ = {
			isa = PBXGroup;
			children = (
				FEE3534D280B16DB007081AE /* Keychain */,
				FEE35342280B12B4007081AE /* Network */,
				FEB964E32801BCB6008DD002 /* Actions */,
				FEB964E22801BCAF008DD002 /* Reducers */,
				FEB964E12801BCAA008DD002 /* Stores */,
				FEB964E02801BCA4008DD002 /* State */,
			);
			path = Infrastructure;
			sourceTree = "<group>";
		};
		FEB964E02801BCA4008DD002 /* State */ = {
			isa = PBXGroup;
			children = (
				FEB964EA2801BCDD008DD002 /* AppState.swift */,
			);
			path = State;
			sourceTree = "<group>";
		};
		FEB964E12801BCAA008DD002 /* Stores */ = {
			isa = PBXGroup;
			children = (
				FEB964E42801BCC3008DD002 /* AppStore.swift */,
			);
			path = Stores;
			sourceTree = "<group>";
		};
		FEB964E22801BCAF008DD002 /* Reducers */ = {
			isa = PBXGroup;
			children = (
				FEB964E82801BCD4008DD002 /* AppReducer.swift */,
			);
			path = Reducers;
			sourceTree = "<group>";
		};
		FEB964E32801BCB6008DD002 /* Actions */ = {
			isa = PBXGroup;
			children = (
				FEB964E62801BCCC008DD002 /* AppAction.swift */,
			);
			path = Actions;
			sourceTree = "<group>";
		};
		FEE35342280B12B4007081AE /* Network */ = {
			isa = PBXGroup;
			children = (
				FEE35352280B1955007081AE /* Workers */,
				FEE35343280B12BF007081AE /* HTTPClient.swift */,
				FEE35349280B161A007081AE /* HTTPResponseMapper.swift */,
				FEE35350280B181F007081AE /* NetworkEnvironmentClient.swift */,
			);
			path = Network;
			sourceTree = "<group>";
		};
		FEE3534D280B16DB007081AE /* Keychain */ = {
			isa = PBXGroup;
			children = (
				FEE3534E280B16E7007081AE /* KeychainWrapper.swift */,
			);
			path = Keychain;
			sourceTree = "<group>";
		};
		FEE35352280B1955007081AE /* Workers */ = {
			isa = PBXGroup;
			children = (
				FEE35353280B1961007081AE /* SignUpWorker.swift */,
			);
			path = Workers;
			sourceTree = "<group>";
		};
/* End PBXGroup section */

/* Begin PBXNativeTarget section */
		FE2E9F0827E53BD2002C0021 /* iStory */ = {
			isa = PBXNativeTarget;
			buildConfigurationList = FE2E9F1D27E53BD5002C0021 /* Build configuration list for PBXNativeTarget "iStory" */;
			buildPhases = (
				FE2E9F0527E53BD2002C0021 /* Sources */,
				FE2E9F0627E53BD2002C0021 /* Frameworks */,
				FE2E9F0727E53BD2002C0021 /* Resources */,
				FE87F34C27E627150062ACB4 /* Embed Frameworks */,
			);
			buildRules = (
			);
			dependencies = (
			);
			name = iStory;
			packageProductDependencies = (
				FE87F35027E6271F0062ACB4 /* NetworkService */,
				FE87F35227E627240062ACB4 /* KeychainService */,
				FE66F25727ED09E70051007F /* GoogleSignService */,
				21DC001127F7ACE30098CBEA /* PhoneNumberKit */,
				FEE35347280B15C3007081AE /* KeychainSwift */,
				FEE3534B280B16BE007081AE /* KeychainServiceAPI */,
			);
			productName = iStory;
			productReference = FE2E9F0927E53BD2002C0021 /* iStory.app */;
			productType = "com.apple.product-type.application";
		};
/* End PBXNativeTarget section */

/* Begin PBXProject section */
		FE2E9F0127E53BD2002C0021 /* Project object */ = {
			isa = PBXProject;
			attributes = {
				BuildIndependentTargetsInParallel = 1;
				LastSwiftUpdateCheck = 1320;
				LastUpgradeCheck = 1320;
				TargetAttributes = {
					FE2E9F0827E53BD2002C0021 = {
						CreatedOnToolsVersion = 13.2.1;
					};
				};
			};
			buildConfigurationList = FE2E9F0427E53BD2002C0021 /* Build configuration list for PBXProject "iStory" */;
			compatibilityVersion = "Xcode 13.0";
			developmentRegion = en;
			hasScannedForEncodings = 0;
			knownRegions = (
				en,
				Base,
			);
			mainGroup = FE2E9F0027E53BD2002C0021;
			packageReferences = (
				21DC001027F7ACE30098CBEA /* XCRemoteSwiftPackageReference "PhoneNumberKit" */,
				FEE35346280B15C3007081AE /* XCRemoteSwiftPackageReference "keychain-swift" */,
			);
			productRefGroup = FE2E9F0A27E53BD2002C0021 /* Products */;
			projectDirPath = "";
			projectRoot = "";
			targets = (
				FE2E9F0827E53BD2002C0021 /* iStory */,
			);
		};
/* End PBXProject section */

/* Begin PBXResourcesBuildPhase section */
		FE2E9F0727E53BD2002C0021 /* Resources */ = {
			isa = PBXResourcesBuildPhase;
			buildActionMask = 2147483647;
			files = (
				212D952D2811A447006BB89A /* Gotham Regular.otf in Resources */,
				212D95312811A496006BB89A /* Gotham Medium.otf in Resources */,
				FE66F28827F7B0F40051007F /* Localizable.strings in Resources */,
				FE2E9F1627E53BD5002C0021 /* Assets.xcassets in Resources */,
				212D952F2811A46D006BB89A /* Gotham Bold.otf in Resources */,
			);
			runOnlyForDeploymentPostprocessing = 0;
		};
/* End PBXResourcesBuildPhase section */

/* Begin PBXSourcesBuildPhase section */
		FE2E9F0527E53BD2002C0021 /* Sources */ = {
			isa = PBXSourcesBuildPhase;
			buildActionMask = 2147483647;
			files = (
				219FF09E2800CD10004E9D53 /* LoginWithSMSRouter.swift in Sources */,
				215FAE3E2800DF87006291A8 /* LoginWithEmailViewModel.swift in Sources */,
				218910B528045176002BB295 /* UIApplication+Extension.swift in Sources */,
				FEE35344280B12BF007081AE /* HTTPClient.swift in Sources */,
				FEB964F32801C252008DD002 /* AuthenticationEnvironment.swift in Sources */,
				FEB964D82800E2F5008DD002 /* AuthenticationSignUpInputViewController.swift in Sources */,
				FE66F2A527F8A9F90051007F /* AuthenticationIstorySignUpViewController.swift in Sources */,
				FEB964DC2800F6DD008DD002 /* AuthenticationInputViewModel.swift in Sources */,
				21588C63280A222900450ABB /* ContactsService.swift in Sources */,
				FE66F29B27F89A780051007F /* AuthenticationSignUpViewController.swift in Sources */,
				215FAE402800DF97006291A8 /* EmailAccessCodeViewController.swift in Sources */,
				FE66F27727F7A17E0051007F /* AppleClient.swift in Sources */,
				FE66F29D27F89C170051007F /* SignUpViewModel.swift in Sources */,
				21CCF0CA27F206C100096CE1 /* AmazonService.swift in Sources */,
				21FC8CF527F8D24D0014914D /* PhoneNumberService.swift in Sources */,
				2147796228109ACD00DE2744 /* InviteContactsViewController.swift in Sources */,
				FEB964ED2801BDE2008DD002 /* AuthenticationState.swift in Sources */,
				FEE3533F280A1343007081AE /* AuthenticationSignUpDatePickerViewController.swift in Sources */,
				2147796428109C3B00DE2744 /* ContactsListViewController.swift in Sources */,
				FEB964E72801BCCC008DD002 /* AppAction.swift in Sources */,
				FEE35354280B1961007081AE /* SignUpWorker.swift in Sources */,
				FE66F2A127F89FA30051007F /* AuthenticationIstoryView.swift in Sources */,
				FE66F29727F893E90051007F /* AuthenticationLoginViewController.swift in Sources */,
				215FAE452800E4B6006291A8 /* EmailValidator.swift in Sources */,
				215FAE422800DFA0006291A8 /* LoginWithEmailRouter.swift in Sources */,
				215FAE3C2800DF7B006291A8 /* LoginWithEmailViewController.swift in Sources */,
				FEB964E92801BCD4008DD002 /* AppReducer.swift in Sources */,
				FE66F27F27F7B0590051007F /* SplashAuthViewController.swift in Sources */,
				FEB964E52801BCC3008DD002 /* AppStore.swift in Sources */,
				2147796628109C5B00DE2744 /* ContactsTableViewCell.swift in Sources */,
				FEE3534A280B161A007081AE /* HTTPResponseMapper.swift in Sources */,
				FE66F29327F8874E0051007F /* AuthenticationSocialViews.swift in Sources */,
				FEB964D62800CB81008DD002 /* AuthenticationLoginInputViewController.swift in Sources */,
				215FAE472800E96F006291A8 /* Validatable.swift in Sources */,
				FE66F27A27F7A7820051007F /* SplashViewController.swift in Sources */,
				FE66F26B27F79F330051007F /* AuthenticationFlowController.swift in Sources */,
				218910B72804519D002BB295 /* UIViewController+Extension.swift in Sources */,
				FE66F28D27F7BBE10051007F /* AuthenticationStyle.swift in Sources */,
				FEB964FA2804A958008DD002 /* FailureShowable.swift in Sources */,
				FEB964D42800C194008DD002 /* AuthenticationInputView.swift in Sources */,
				FE66F29F27F89C2F0051007F /* LoginViewModel.swift in Sources */,
				FEB964EF2801C12F008DD002 /* AuthenticationAction.swift in Sources */,
				FE66F29127F7C0360051007F /* AuthenticationSocialContainerView.swift in Sources */,
				FEB964EB2801BCDD008DD002 /* AppState.swift in Sources */,
				FEE35351280B181F007081AE /* NetworkEnvironmentClient.swift in Sources */,
				FE2E9F0D27E53BD2002C0021 /* AppDelegate.swift in Sources */,
				21DC001827F7B1690098CBEA /* LoginWithSMSViewController.swift in Sources */,
				21FC8CF727F8D4D10014914D /* LoginWithSMSViewModel.swift in Sources */,
				FEE3534F280B16E7007081AE /* KeychainWrapper.swift in Sources */,
				FE66F26627F79E390051007F /* AppFlowController.swift in Sources */,
				FE66F29527F8907D0051007F /* AppDependencies.swift in Sources */,
				FE2E9F0F27E53BD2002C0021 /* SceneDelegate.swift in Sources */,
				21C4906127FCA77A00DBBDD2 /* SMSAccessCodeViewController.swift in Sources */,
				FEB964F12801C22B008DD002 /* AuthenticationReducer.swift in Sources */,
				21C4906127FCA77A00DBBDD2 /* SMSAccessCodeViewController.swift in Sources */,
				FE66F2A327F8A5E60051007F /* AuthenticationIstoryLoginViewController.swift in Sources */,
				21FC8CF927F8D55A0014914D /* SubmitButton.swift in Sources */,
			);
			runOnlyForDeploymentPostprocessing = 0;
		};
/* End PBXSourcesBuildPhase section */

/* Begin PBXVariantGroup section */
		FE66F28A27F7B0F40051007F /* Localizable.strings */ = {
			isa = PBXVariantGroup;
			children = (
				FE66F28927F7B0F40051007F /* en */,
			);
			name = Localizable.strings;
			sourceTree = "<group>";
		};
/* End PBXVariantGroup section */

/* Begin XCBuildConfiguration section */
		FE2E9F1B27E53BD5002C0021 /* Debug */ = {
			isa = XCBuildConfiguration;
			buildSettings = {
				ALWAYS_SEARCH_USER_PATHS = NO;
				CLANG_ANALYZER_NONNULL = YES;
				CLANG_ANALYZER_NUMBER_OBJECT_CONVERSION = YES_AGGRESSIVE;
				CLANG_CXX_LANGUAGE_STANDARD = "gnu++17";
				CLANG_CXX_LIBRARY = "libc++";
				CLANG_ENABLE_MODULES = YES;
				CLANG_ENABLE_OBJC_ARC = YES;
				CLANG_ENABLE_OBJC_WEAK = YES;
				CLANG_WARN_BLOCK_CAPTURE_AUTORELEASING = YES;
				CLANG_WARN_BOOL_CONVERSION = YES;
				CLANG_WARN_COMMA = YES;
				CLANG_WARN_CONSTANT_CONVERSION = YES;
				CLANG_WARN_DEPRECATED_OBJC_IMPLEMENTATIONS = YES;
				CLANG_WARN_DIRECT_OBJC_ISA_USAGE = YES_ERROR;
				CLANG_WARN_DOCUMENTATION_COMMENTS = YES;
				CLANG_WARN_EMPTY_BODY = YES;
				CLANG_WARN_ENUM_CONVERSION = YES;
				CLANG_WARN_INFINITE_RECURSION = YES;
				CLANG_WARN_INT_CONVERSION = YES;
				CLANG_WARN_NON_LITERAL_NULL_CONVERSION = YES;
				CLANG_WARN_OBJC_IMPLICIT_RETAIN_SELF = YES;
				CLANG_WARN_OBJC_LITERAL_CONVERSION = YES;
				CLANG_WARN_OBJC_ROOT_CLASS = YES_ERROR;
				CLANG_WARN_QUOTED_INCLUDE_IN_FRAMEWORK_HEADER = YES;
				CLANG_WARN_RANGE_LOOP_ANALYSIS = YES;
				CLANG_WARN_STRICT_PROTOTYPES = YES;
				CLANG_WARN_SUSPICIOUS_MOVE = YES;
				CLANG_WARN_UNGUARDED_AVAILABILITY = YES_AGGRESSIVE;
				CLANG_WARN_UNREACHABLE_CODE = YES;
				CLANG_WARN__DUPLICATE_METHOD_MATCH = YES;
				COPY_PHASE_STRIP = NO;
				DEBUG_INFORMATION_FORMAT = dwarf;
				ENABLE_STRICT_OBJC_MSGSEND = YES;
				ENABLE_TESTABILITY = YES;
				GCC_C_LANGUAGE_STANDARD = gnu11;
				GCC_DYNAMIC_NO_PIC = NO;
				GCC_NO_COMMON_BLOCKS = YES;
				GCC_OPTIMIZATION_LEVEL = 0;
				GCC_PREPROCESSOR_DEFINITIONS = (
					"DEBUG=1",
					"$(inherited)",
				);
				GCC_WARN_64_TO_32_BIT_CONVERSION = YES;
				GCC_WARN_ABOUT_RETURN_TYPE = YES_ERROR;
				GCC_WARN_UNDECLARED_SELECTOR = YES;
				GCC_WARN_UNINITIALIZED_AUTOS = YES_AGGRESSIVE;
				GCC_WARN_UNUSED_FUNCTION = YES;
				GCC_WARN_UNUSED_VARIABLE = YES;
				IPHONEOS_DEPLOYMENT_TARGET = 15.2;
				MTL_ENABLE_DEBUG_INFO = INCLUDE_SOURCE;
				MTL_FAST_MATH = YES;
				ONLY_ACTIVE_ARCH = YES;
				SDKROOT = iphoneos;
				SWIFT_ACTIVE_COMPILATION_CONDITIONS = DEBUG;
				SWIFT_OPTIMIZATION_LEVEL = "-Onone";
			};
			name = Debug;
		};
		FE2E9F1C27E53BD5002C0021 /* Release */ = {
			isa = XCBuildConfiguration;
			buildSettings = {
				ALWAYS_SEARCH_USER_PATHS = NO;
				CLANG_ANALYZER_NONNULL = YES;
				CLANG_ANALYZER_NUMBER_OBJECT_CONVERSION = YES_AGGRESSIVE;
				CLANG_CXX_LANGUAGE_STANDARD = "gnu++17";
				CLANG_CXX_LIBRARY = "libc++";
				CLANG_ENABLE_MODULES = YES;
				CLANG_ENABLE_OBJC_ARC = YES;
				CLANG_ENABLE_OBJC_WEAK = YES;
				CLANG_WARN_BLOCK_CAPTURE_AUTORELEASING = YES;
				CLANG_WARN_BOOL_CONVERSION = YES;
				CLANG_WARN_COMMA = YES;
				CLANG_WARN_CONSTANT_CONVERSION = YES;
				CLANG_WARN_DEPRECATED_OBJC_IMPLEMENTATIONS = YES;
				CLANG_WARN_DIRECT_OBJC_ISA_USAGE = YES_ERROR;
				CLANG_WARN_DOCUMENTATION_COMMENTS = YES;
				CLANG_WARN_EMPTY_BODY = YES;
				CLANG_WARN_ENUM_CONVERSION = YES;
				CLANG_WARN_INFINITE_RECURSION = YES;
				CLANG_WARN_INT_CONVERSION = YES;
				CLANG_WARN_NON_LITERAL_NULL_CONVERSION = YES;
				CLANG_WARN_OBJC_IMPLICIT_RETAIN_SELF = YES;
				CLANG_WARN_OBJC_LITERAL_CONVERSION = YES;
				CLANG_WARN_OBJC_ROOT_CLASS = YES_ERROR;
				CLANG_WARN_QUOTED_INCLUDE_IN_FRAMEWORK_HEADER = YES;
				CLANG_WARN_RANGE_LOOP_ANALYSIS = YES;
				CLANG_WARN_STRICT_PROTOTYPES = YES;
				CLANG_WARN_SUSPICIOUS_MOVE = YES;
				CLANG_WARN_UNGUARDED_AVAILABILITY = YES_AGGRESSIVE;
				CLANG_WARN_UNREACHABLE_CODE = YES;
				CLANG_WARN__DUPLICATE_METHOD_MATCH = YES;
				COPY_PHASE_STRIP = NO;
				DEBUG_INFORMATION_FORMAT = "dwarf-with-dsym";
				ENABLE_NS_ASSERTIONS = NO;
				ENABLE_STRICT_OBJC_MSGSEND = YES;
				GCC_C_LANGUAGE_STANDARD = gnu11;
				GCC_NO_COMMON_BLOCKS = YES;
				GCC_WARN_64_TO_32_BIT_CONVERSION = YES;
				GCC_WARN_ABOUT_RETURN_TYPE = YES_ERROR;
				GCC_WARN_UNDECLARED_SELECTOR = YES;
				GCC_WARN_UNINITIALIZED_AUTOS = YES_AGGRESSIVE;
				GCC_WARN_UNUSED_FUNCTION = YES;
				GCC_WARN_UNUSED_VARIABLE = YES;
				IPHONEOS_DEPLOYMENT_TARGET = 15.2;
				MTL_ENABLE_DEBUG_INFO = NO;
				MTL_FAST_MATH = YES;
				SDKROOT = iphoneos;
				SWIFT_COMPILATION_MODE = wholemodule;
				SWIFT_OPTIMIZATION_LEVEL = "-O";
				VALIDATE_PRODUCT = YES;
			};
			name = Release;
		};
		FE2E9F1E27E53BD5002C0021 /* Debug */ = {
			isa = XCBuildConfiguration;
			buildSettings = {
				ASSETCATALOG_COMPILER_APPICON_NAME = AppIcon;
				ASSETCATALOG_COMPILER_GLOBAL_ACCENT_COLOR_NAME = AccentColor;
				CODE_SIGN_ENTITLEMENTS = iStory/iStory.entitlements;
				CODE_SIGN_STYLE = Automatic;
				CURRENT_PROJECT_VERSION = 1;
				FRAMEWORK_SEARCH_PATHS = (
					"$(inherited)",
					"$(PROJECT_DIR)/Amazon",
				);
				GENERATE_INFOPLIST_FILE = YES;
				INFOPLIST_FILE = iStory/Info.plist;
				INFOPLIST_KEY_NSContactsUsageDescription = "If you want to connect to people from your phone book, please allow contacts access.";
				INFOPLIST_KEY_UIApplicationSupportsIndirectInputEvents = YES;
				INFOPLIST_KEY_UILaunchStoryboardName = LaunchScreen;
				INFOPLIST_KEY_UISupportedInterfaceOrientations = UIInterfaceOrientationPortrait;
				INFOPLIST_KEY_UISupportedInterfaceOrientations_iPad = "UIInterfaceOrientationPortrait UIInterfaceOrientationPortraitUpsideDown UIInterfaceOrientationLandscapeLeft UIInterfaceOrientationLandscapeRight";
				INFOPLIST_KEY_UISupportedInterfaceOrientations_iPhone = "UIInterfaceOrientationPortrait UIInterfaceOrientationLandscapeLeft UIInterfaceOrientationLandscapeRight";
				IPHONEOS_DEPLOYMENT_TARGET = 15.0;
				LD_RUNPATH_SEARCH_PATHS = (
					"$(inherited)",
					"@executable_path/Frameworks",
				);
				MARKETING_VERSION = 1.0;
				PRODUCT_BUNDLE_IDENTIFIER = com.istoryapp.istory;
				PRODUCT_NAME = "$(TARGET_NAME)";
				SWIFT_EMIT_LOC_STRINGS = YES;
				SWIFT_VERSION = 5.0;
				TARGETED_DEVICE_FAMILY = "1,2";
				VALIDATE_WORKSPACE = NO;
			};
			name = Debug;
		};
		FE2E9F1F27E53BD5002C0021 /* Release */ = {
			isa = XCBuildConfiguration;
			buildSettings = {
				ASSETCATALOG_COMPILER_APPICON_NAME = AppIcon;
				ASSETCATALOG_COMPILER_GLOBAL_ACCENT_COLOR_NAME = AccentColor;
				CODE_SIGN_ENTITLEMENTS = iStory/iStory.entitlements;
				CODE_SIGN_STYLE = Automatic;
				CURRENT_PROJECT_VERSION = 1;
				FRAMEWORK_SEARCH_PATHS = (
					"$(inherited)",
					"$(PROJECT_DIR)/Amazon",
				);
				GENERATE_INFOPLIST_FILE = YES;
				INFOPLIST_FILE = iStory/Info.plist;
				INFOPLIST_KEY_NSContactsUsageDescription = "If you want to connect to people from your phone book, please allow contacts access.";
				INFOPLIST_KEY_UIApplicationSupportsIndirectInputEvents = YES;
				INFOPLIST_KEY_UILaunchStoryboardName = LaunchScreen;
				INFOPLIST_KEY_UISupportedInterfaceOrientations = UIInterfaceOrientationPortrait;
				INFOPLIST_KEY_UISupportedInterfaceOrientations_iPad = "UIInterfaceOrientationPortrait UIInterfaceOrientationPortraitUpsideDown UIInterfaceOrientationLandscapeLeft UIInterfaceOrientationLandscapeRight";
				INFOPLIST_KEY_UISupportedInterfaceOrientations_iPhone = "UIInterfaceOrientationPortrait UIInterfaceOrientationLandscapeLeft UIInterfaceOrientationLandscapeRight";
				IPHONEOS_DEPLOYMENT_TARGET = 15.0;
				LD_RUNPATH_SEARCH_PATHS = (
					"$(inherited)",
					"@executable_path/Frameworks",
				);
				MARKETING_VERSION = 1.0;
				PRODUCT_BUNDLE_IDENTIFIER = com.istoryapp.istory;
				PRODUCT_NAME = "$(TARGET_NAME)";
				SWIFT_EMIT_LOC_STRINGS = YES;
				SWIFT_VERSION = 5.0;
				TARGETED_DEVICE_FAMILY = "1,2";
				VALIDATE_WORKSPACE = NO;
			};
			name = Release;
		};
/* End XCBuildConfiguration section */

/* Begin XCConfigurationList section */
		FE2E9F0427E53BD2002C0021 /* Build configuration list for PBXProject "iStory" */ = {
			isa = XCConfigurationList;
			buildConfigurations = (
				FE2E9F1B27E53BD5002C0021 /* Debug */,
				FE2E9F1C27E53BD5002C0021 /* Release */,
			);
			defaultConfigurationIsVisible = 0;
			defaultConfigurationName = Release;
		};
		FE2E9F1D27E53BD5002C0021 /* Build configuration list for PBXNativeTarget "iStory" */ = {
			isa = XCConfigurationList;
			buildConfigurations = (
				FE2E9F1E27E53BD5002C0021 /* Debug */,
				FE2E9F1F27E53BD5002C0021 /* Release */,
			);
			defaultConfigurationIsVisible = 0;
			defaultConfigurationName = Release;
		};
/* End XCConfigurationList section */

/* Begin XCRemoteSwiftPackageReference section */
		21DC001027F7ACE30098CBEA /* XCRemoteSwiftPackageReference "PhoneNumberKit" */ = {
			isa = XCRemoteSwiftPackageReference;
			repositoryURL = "https://github.com/marmelroy/PhoneNumberKit.git";
			requirement = {
				kind = upToNextMajorVersion;
				minimumVersion = 3.0.0;
			};
		};
		FEE35346280B15C3007081AE /* XCRemoteSwiftPackageReference "keychain-swift" */ = {
			isa = XCRemoteSwiftPackageReference;
			repositoryURL = "https://github.com/evgenyneu/keychain-swift.git";
			requirement = {
				kind = exactVersion;
				version = 20.0.0;
			};
		};
/* End XCRemoteSwiftPackageReference section */

/* Begin XCSwiftPackageProductDependency section */
		21DC001127F7ACE30098CBEA /* PhoneNumberKit */ = {
			isa = XCSwiftPackageProductDependency;
			package = 21DC001027F7ACE30098CBEA /* XCRemoteSwiftPackageReference "PhoneNumberKit" */;
			productName = PhoneNumberKit;
		};
		FE66F25727ED09E70051007F /* GoogleSignService */ = {
			isa = XCSwiftPackageProductDependency;
			productName = GoogleSignService;
		};
		FE87F35027E6271F0062ACB4 /* NetworkService */ = {
			isa = XCSwiftPackageProductDependency;
			productName = NetworkService;
		};
		FE87F35227E627240062ACB4 /* KeychainService */ = {
			isa = XCSwiftPackageProductDependency;
			productName = KeychainService;
		};
		FEE35347280B15C3007081AE /* KeychainSwift */ = {
			isa = XCSwiftPackageProductDependency;
			package = FEE35346280B15C3007081AE /* XCRemoteSwiftPackageReference "keychain-swift" */;
			productName = KeychainSwift;
		};
		FEE3534B280B16BE007081AE /* KeychainServiceAPI */ = {
			isa = XCSwiftPackageProductDependency;
			productName = KeychainServiceAPI;
		};
/* End XCSwiftPackageProductDependency section */
	};
	rootObject = FE2E9F0127E53BD2002C0021 /* Project object */;
}
